
Microsoft Visual Studio Solution File, Format Version 12.00
# Visual Studio Version 17
VisualStudioVersion = 17.14.36414.22 d17.14
MinimumVisualStudioVersion = 10.0.40219.1
Project("{FAE04EC0-301F-11D3-BF4B-00C04F79EFBC}") = "Lab4_CT", "Lab4_CT\Lab4_CT.csproj", "{38F1EF2E-7A22-412E-80A8-2F80D6409E4A}"
EndProject
Global
	GlobalSection(SolutionConfigurationPlatforms) = preSolution
		Debug|Any CPU = Debug|Any CPU
		Release|Any CPU = Release|Any CPU
	EndGlobalSection
	GlobalSection(ProjectConfigurationPlatforms) = postSolution
		{38F1EF2E-7A22-412E-80A8-2F80D6409E4A}.Debug|Any CPU.ActiveCfg = Debug|Any CPU
		{38F1EF2E-7A22-412E-80A8-2F80D6409E4A}.Debug|Any CPU.Build.0 = Debug|Any CPU
		{38F1EF2E-7A22-412E-80A8-2F80D6409E4A}.Release|Any CPU.ActiveCfg = Release|Any CPU
		{38F1EF2E-7A22-412E-80A8-2F80D6409E4A}.Release|Any CPU.Build.0 = Release|Any CPU
	EndGlobalSection
	GlobalSection(SolutionProperties) = preSolution
		HideSolutionNode = FALSE
	EndGlobalSection
	GlobalSection(ExtensibilityGlobals) = postSolution
		SolutionGuid = {33499482-D6CF-4A3D-A533-5D24773E45E4}
	EndGlobalSection
EndGlobal
